
Microsoft Visual Studio Solution File, Format Version 12.00
# Visual Studio 15
VisualStudioVersion = 15.0.27004.2002
MinimumVisualStudioVersion = 10.0.40219.1
Project("{8BC9CEB8-8B4A-11D0-8D11-00A0C91BC942}") = "gzcom2", "gzcom-dll\gzcom2.vcxproj", "{D13A65FB-F5EB-42E1-8520-C5B6A03F274A}"
EndProject
Global
	GlobalSection(SolutionConfigurationPlatforms) = preSolution
		Debug|Win32 = Debug|Win32
		Debug|x64 = Debug|x64
		Release|Win32 = Release|Win32
		Release|x64 = Release|x64
	EndGlobalSection
	GlobalSection(ProjectConfigurationPlatforms) = postSolution
		{D13A65FB-F5EB-42E1-8520-C5B6A03F274A}.Debug|Win32.ActiveCfg = Debug|Win32
		{D13A65FB-F5EB-42E1-8520-C5B6A03F274A}.Debug|Win32.Build.0 = Debug|Win32
		{D13A65FB-F5EB-42E1-8520-C5B6A03F274A}.Debug|x64.ActiveCfg = Debug|x64
		{D13A65FB-F5EB-42E1-8520-C5B6A03F274A}.Debug|x64.Build.0 = Debug|x64
		{D13A65FB-F5EB-42E1-8520-C5B6A03F274A}.Release|Win32.ActiveCfg = Release|Win32
		{D13A65FB-F5EB-42E1-8520-C5B6A03F274A}.Release|Win32.Build.0 = Release|Win32
		{D13A65FB-F5EB-42E1-8520-C5B6A03F274A}.Release|x64.ActiveCfg = Release|x64
		{D13A65FB-F5EB-42E1-8520-C5B6A03F274A}.Release|x64.Build.0 = Release|x64
	EndGlobalSection
	GlobalSection(SolutionProperties) = preSolution
		HideSolutionNode = FALSE
	EndGlobalSection
	GlobalSection(ExtensibilityGlobals) = postSolution
		SolutionGuid = {F8317316-C28A-4FD7-BDF7-7970FFC45D0A}
	EndGlobalSection
EndGlobal
